
Microsoft Visual Studio Solution File, Format Version 12.00
# Visual Studio Version 17
VisualStudioVersion = 17.1.32210.238
MinimumVisualStudioVersion = 10.0.40219.1
Project("{9A19103F-16F7-4668-BE54-9A1E7A4F7556}") = "MovieSelection.Server", "MovieSelection\Server\MovieSelection.Server.csproj", "{69659BDA-A459-4797-88B3-B240C6DE2089}"
EndProject
Project("{9A19103F-16F7-4668-BE54-9A1E7A4F7556}") = "MovieSelection.Client", "MovieSelection\Client\MovieSelection.Client.csproj", "{B8A678FA-B897-4896-8F45-59A6FB4A92FB}"
EndProject
Project("{9A19103F-16F7-4668-BE54-9A1E7A4F7556}") = "MovieSelection.Shared", "MovieSelection\Shared\MovieSelection.Shared.csproj", "{5122C280-A959-4998-A2C8-BA3CDF8126BA}"
EndProject
Project("{9A19103F-16F7-4668-BE54-9A1E7A4F7556}") = "MovieSelection.Data", "MovieSelection\Data\MovieSelection.Data.csproj", "{C69A4F4C-6022-4307-BADE-DD472D874D5E}"
EndProject
Global
	GlobalSection(SolutionConfigurationPlatforms) = preSolution
		Debug|Any CPU = Debug|Any CPU
		Release|Any CPU = Release|Any CPU
	EndGlobalSection
	GlobalSection(ProjectConfigurationPlatforms) = postSolution
		{69659BDA-A459-4797-88B3-B240C6DE2089}.Debug|Any CPU.ActiveCfg = Debug|Any CPU
		{69659BDA-A459-4797-88B3-B240C6DE2089}.Debug|Any CPU.Build.0 = Debug|Any CPU
		{69659BDA-A459-4797-88B3-B240C6DE2089}.Release|Any CPU.ActiveCfg = Release|Any CPU
		{69659BDA-A459-4797-88B3-B240C6DE2089}.Release|Any CPU.Build.0 = Release|Any CPU
		{B8A678FA-B897-4896-8F45-59A6FB4A92FB}.Debug|Any CPU.ActiveCfg = Debug|Any CPU
		{B8A678FA-B897-4896-8F45-59A6FB4A92FB}.Debug|Any CPU.Build.0 = Debug|Any CPU
		{B8A678FA-B897-4896-8F45-59A6FB4A92FB}.Release|Any CPU.ActiveCfg = Release|Any CPU
		{B8A678FA-B897-4896-8F45-59A6FB4A92FB}.Release|Any CPU.Build.0 = Release|Any CPU
		{5122C280-A959-4998-A2C8-BA3CDF8126BA}.Debug|Any CPU.ActiveCfg = Debug|Any CPU
		{5122C280-A959-4998-A2C8-BA3CDF8126BA}.Debug|Any CPU.Build.0 = Debug|Any CPU
		{5122C280-A959-4998-A2C8-BA3CDF8126BA}.Release|Any CPU.ActiveCfg = Release|Any CPU
		{5122C280-A959-4998-A2C8-BA3CDF8126BA}.Release|Any CPU.Build.0 = Release|Any CPU
		{C69A4F4C-6022-4307-BADE-DD472D874D5E}.Debug|Any CPU.ActiveCfg = Debug|Any CPU
		{C69A4F4C-6022-4307-BADE-DD472D874D5E}.Debug|Any CPU.Build.0 = Debug|Any CPU
		{C69A4F4C-6022-4307-BADE-DD472D874D5E}.Release|Any CPU.ActiveCfg = Release|Any CPU
		{C69A4F4C-6022-4307-BADE-DD472D874D5E}.Release|Any CPU.Build.0 = Release|Any CPU
	EndGlobalSection
	GlobalSection(SolutionProperties) = preSolution
		HideSolutionNode = FALSE
	EndGlobalSection
	GlobalSection(ExtensibilityGlobals) = postSolution
		SolutionGuid = {A48CA1DA-B82A-460B-93E7-615A9FFE4F7B}
	EndGlobalSection
EndGlobal
